
Microsoft Visual Studio Solution File, Format Version 12.00
# Visual Studio Version 16
VisualStudioVersion = 16.0.31205.134
MinimumVisualStudioVersion = 10.0.40219.1
Project("{FAE04EC0-301F-11D3-BF4B-00C04F79EFBC}") = "BlazerTest", "BlazerTest\BlazerTest.csproj", "{EDF3EB74-612F-42E2-8E5F-AD29C36BFE26}"
EndProject
Project("{FAE04EC0-301F-11D3-BF4B-00C04F79EFBC}") = "DataAcessLib", "DataAcessLib\DataAcessLib.csproj", "{0F319DC7-5421-44B3-B6AC-CA69092A51B1}"
EndProject
Global
	GlobalSection(SolutionConfigurationPlatforms) = preSolution
		Debug|Any CPU = Debug|Any CPU
		Release|Any CPU = Release|Any CPU
	EndGlobalSection
	GlobalSection(ProjectConfigurationPlatforms) = postSolution
		{EDF3EB74-612F-42E2-8E5F-AD29C36BFE26}.Debug|Any CPU.ActiveCfg = Debug|Any CPU
		{EDF3EB74-612F-42E2-8E5F-AD29C36BFE26}.Debug|Any CPU.Build.0 = Debug|Any CPU
		{EDF3EB74-612F-42E2-8E5F-AD29C36BFE26}.Release|Any CPU.ActiveCfg = Release|Any CPU
		{EDF3EB74-612F-42E2-8E5F-AD29C36BFE26}.Release|Any CPU.Build.0 = Release|Any CPU
		{0F319DC7-5421-44B3-B6AC-CA69092A51B1}.Debug|Any CPU.ActiveCfg = Debug|Any CPU
		{0F319DC7-5421-44B3-B6AC-CA69092A51B1}.Debug|Any CPU.Build.0 = Debug|Any CPU
		{0F319DC7-5421-44B3-B6AC-CA69092A51B1}.Release|Any CPU.ActiveCfg = Release|Any CPU
		{0F319DC7-5421-44B3-B6AC-CA69092A51B1}.Release|Any CPU.Build.0 = Release|Any CPU
	EndGlobalSection
	GlobalSection(SolutionProperties) = preSolution
		HideSolutionNode = FALSE
	EndGlobalSection
	GlobalSection(ExtensibilityGlobals) = postSolution
		SolutionGuid = {7F8FE24B-0341-40C4-B2A7-6EB7C414F7BD}
	EndGlobalSection
EndGlobal
